// !$*UTF8*$!
{
	archiveVersion = 1;
	classes = {
	};
	objectVersion = 55;
	objects = {

/* Begin PBXBuildFile section */
		71AD92CA26AD965300ECF970 /* EmployeeView.swift in Sources */ = {isa = PBXBuildFile; fileRef = 71AD92C926AD965300ECF970 /* EmployeeView.swift */; };
		71AD92CC26AD96E700ECF970 /* Employee+Name.swift in Sources */ = {isa = PBXBuildFile; fileRef = 71AD92CB26AD96E700ECF970 /* Employee+Name.swift */; };
		71AD92CE26AD974700ECF970 /* Formatters.swift in Sources */ = {isa = PBXBuildFile; fileRef = 71AD92CD26AD974700ECF970 /* Formatters.swift */; };
		71AD92D126AD9BC500ECF970 /* ContactStore.swift in Sources */ = {isa = PBXBuildFile; fileRef = 71AD92D026AD9BC500ECF970 /* ContactStore.swift */; };
		71AD92D326AD9E1F00ECF970 /* ContactsView.swift in Sources */ = {isa = PBXBuildFile; fileRef = 71AD92D226AD9E1F00ECF970 /* ContactsView.swift */; };
		71D1E23226AC7FC200FD5F4C /* MooncascadeApp.swift in Sources */ = {isa = PBXBuildFile; fileRef = 71D1E23126AC7FC200FD5F4C /* MooncascadeApp.swift */; };
		71D1E23426AC7FC200FD5F4C /* ContentView.swift in Sources */ = {isa = PBXBuildFile; fileRef = 71D1E23326AC7FC200FD5F4C /* ContentView.swift */; };
		71D1E23626AC7FC500FD5F4C /* Assets.xcassets in Resources */ = {isa = PBXBuildFile; fileRef = 71D1E23526AC7FC500FD5F4C /* Assets.xcassets */; };
		71D1E23926AC7FC500FD5F4C /* Preview Assets.xcassets in Resources */ = {isa = PBXBuildFile; fileRef = 71D1E23826AC7FC500FD5F4C /* Preview Assets.xcassets */; };
		71D1E23B26AC7FC500FD5F4C /* PersistenceController.swift in Sources */ = {isa = PBXBuildFile; fileRef = 71D1E23A26AC7FC500FD5F4C /* PersistenceController.swift */; };
		71D1E23E26AC7FC500FD5F4C /* Mooncascade.xcdatamodeld in Sources */ = {isa = PBXBuildFile; fileRef = 71D1E23C26AC7FC500FD5F4C /* Mooncascade.xcdatamodeld */; };
		71D1E24826AC7FC500FD5F4C /* MooncascadeTests.swift in Sources */ = {isa = PBXBuildFile; fileRef = 71D1E24726AC7FC500FD5F4C /* MooncascadeTests.swift */; };
		71D1E25226AC7FC500FD5F4C /* MooncascadeUITests.swift in Sources */ = {isa = PBXBuildFile; fileRef = 71D1E25126AC7FC500FD5F4C /* MooncascadeUITests.swift */; };
		71D1E25F26AC821200FD5F4C /* EmployeeListView.swift in Sources */ = {isa = PBXBuildFile; fileRef = 71D1E25E26AC821200FD5F4C /* EmployeeListView.swift */; };
		71D1E26126AC83ED00FD5F4C /* EmployeeModel.swift in Sources */ = {isa = PBXBuildFile; fileRef = 71D1E26026AC83ED00FD5F4C /* EmployeeModel.swift */; };
		71D1E26326AC849400FD5F4C /* EmployeeStore.swift in Sources */ = {isa = PBXBuildFile; fileRef = 71D1E26226AC849400FD5F4C /* EmployeeStore.swift */; };
		71D1E26626AC855000FD5F4C /* EmployeeError.swift in Sources */ = {isa = PBXBuildFile; fileRef = 71D1E26526AC855000FD5F4C /* EmployeeError.swift */; };
/* End PBXBuildFile section */

/* Begin PBXContainerItemProxy section */
		71D1E24426AC7FC500FD5F4C /* PBXContainerItemProxy */ = {
			isa = PBXContainerItemProxy;
			containerPortal = 71D1E22626AC7FC200FD5F4C /* Project object */;
			proxyType = 1;
			remoteGlobalIDString = 71D1E22D26AC7FC200FD5F4C;
			remoteInfo = Mooncascade;
		};
		71D1E24E26AC7FC500FD5F4C /* PBXContainerItemProxy */ = {
			isa = PBXContainerItemProxy;
			containerPortal = 71D1E22626AC7FC200FD5F4C /* Project object */;
			proxyType = 1;
			remoteGlobalIDString = 71D1E22D26AC7FC200FD5F4C;
			remoteInfo = Mooncascade;
		};
/* End PBXContainerItemProxy section */

/* Begin PBXFileReference section */
		71AD92C926AD965300ECF970 /* EmployeeView.swift */ = {isa = PBXFileReference; lastKnownFileType = sourcecode.swift; path = EmployeeView.swift; sourceTree = "<group>"; };
		71AD92CB26AD96E700ECF970 /* Employee+Name.swift */ = {isa = PBXFileReference; lastKnownFileType = sourcecode.swift; path = "Employee+Name.swift"; sourceTree = "<group>"; };
		71AD92CD26AD974700ECF970 /* Formatters.swift */ = {isa = PBXFileReference; lastKnownFileType = sourcecode.swift; path = Formatters.swift; sourceTree = "<group>"; };
		71AD92D026AD9BC500ECF970 /* ContactStore.swift */ = {isa = PBXFileReference; lastKnownFileType = sourcecode.swift; path = ContactStore.swift; sourceTree = "<group>"; };
		71AD92D226AD9E1F00ECF970 /* ContactsView.swift */ = {isa = PBXFileReference; lastKnownFileType = sourcecode.swift; path = ContactsView.swift; sourceTree = "<group>"; };
		71AD92D426AD9FCF00ECF970 /* Info.plist */ = {isa = PBXFileReference; lastKnownFileType = text.plist; path = Info.plist; sourceTree = "<group>"; };
		71D1E22E26AC7FC200FD5F4C /* Mooncascade.app */ = {isa = PBXFileReference; explicitFileType = wrapper.application; includeInIndex = 0; path = Mooncascade.app; sourceTree = BUILT_PRODUCTS_DIR; };
		71D1E23126AC7FC200FD5F4C /* MooncascadeApp.swift */ = {isa = PBXFileReference; lastKnownFileType = sourcecode.swift; path = MooncascadeApp.swift; sourceTree = "<group>"; };
		71D1E23326AC7FC200FD5F4C /* ContentView.swift */ = {isa = PBXFileReference; lastKnownFileType = sourcecode.swift; path = ContentView.swift; sourceTree = "<group>"; };
		71D1E23526AC7FC500FD5F4C /* Assets.xcassets */ = {isa = PBXFileReference; lastKnownFileType = folder.assetcatalog; path = Assets.xcassets; sourceTree = "<group>"; };
		71D1E23826AC7FC500FD5F4C /* Preview Assets.xcassets */ = {isa = PBXFileReference; lastKnownFileType = folder.assetcatalog; path = "Preview Assets.xcassets"; sourceTree = "<group>"; };
		71D1E23A26AC7FC500FD5F4C /* PersistenceController.swift */ = {isa = PBXFileReference; lastKnownFileType = sourcecode.swift; path = PersistenceController.swift; sourceTree = "<group>"; };
		71D1E23D26AC7FC500FD5F4C /* Mooncascade.xcdatamodel */ = {isa = PBXFileReference; lastKnownFileType = wrapper.xcdatamodel; path = Mooncascade.xcdatamodel; sourceTree = "<group>"; };
		71D1E24326AC7FC500FD5F4C /* MooncascadeTests.xctest */ = {isa = PBXFileReference; explicitFileType = wrapper.cfbundle; includeInIndex = 0; path = MooncascadeTests.xctest; sourceTree = BUILT_PRODUCTS_DIR; };
		71D1E24726AC7FC500FD5F4C /* MooncascadeTests.swift */ = {isa = PBXFileReference; lastKnownFileType = sourcecode.swift; path = MooncascadeTests.swift; sourceTree = "<group>"; };
		71D1E24D26AC7FC500FD5F4C /* MooncascadeUITests.xctest */ = {isa = PBXFileReference; explicitFileType = wrapper.cfbundle; includeInIndex = 0; path = MooncascadeUITests.xctest; sourceTree = BUILT_PRODUCTS_DIR; };
		71D1E25126AC7FC500FD5F4C /* MooncascadeUITests.swift */ = {isa = PBXFileReference; lastKnownFileType = sourcecode.swift; path = MooncascadeUITests.swift; sourceTree = "<group>"; };
		71D1E25E26AC821200FD5F4C /* EmployeeListView.swift */ = {isa = PBXFileReference; lastKnownFileType = sourcecode.swift; path = EmployeeListView.swift; sourceTree = "<group>"; };
		71D1E26026AC83ED00FD5F4C /* EmployeeModel.swift */ = {isa = PBXFileReference; lastKnownFileType = sourcecode.swift; path = EmployeeModel.swift; sourceTree = "<group>"; };
		71D1E26226AC849400FD5F4C /* EmployeeStore.swift */ = {isa = PBXFileReference; lastKnownFileType = sourcecode.swift; path = EmployeeStore.swift; sourceTree = "<group>"; };
		71D1E26526AC855000FD5F4C /* EmployeeError.swift */ = {isa = PBXFileReference; lastKnownFileType = sourcecode.swift; path = EmployeeError.swift; sourceTree = "<group>"; };
/* End PBXFileReference section */

/* Begin PBXFrameworksBuildPhase section */
		71D1E22B26AC7FC200FD5F4C /* Frameworks */ = {
			isa = PBXFrameworksBuildPhase;
			buildActionMask = 2147483647;
			files = (
			);
			runOnlyForDeploymentPostprocessing = 0;
		};
		71D1E24026AC7FC500FD5F4C /* Frameworks */ = {
			isa = PBXFrameworksBuildPhase;
			buildActionMask = 2147483647;
			files = (
			);
			runOnlyForDeploymentPostprocessing = 0;
		};
		71D1E24A26AC7FC500FD5F4C /* Frameworks */ = {
			isa = PBXFrameworksBuildPhase;
			buildActionMask = 2147483647;
			files = (
			);
			runOnlyForDeploymentPostprocessing = 0;
		};
/* End PBXFrameworksBuildPhase section */

/* Begin PBXGroup section */
		71AD92CF26AD9BAE00ECF970 /* Services */ = {
			isa = PBXGroup;
			children = (
				71D1E23A26AC7FC500FD5F4C /* PersistenceController.swift */,
				71D1E26226AC849400FD5F4C /* EmployeeStore.swift */,
				71AD92D026AD9BC500ECF970 /* ContactStore.swift */,
			);
			path = Services;
			sourceTree = "<group>";
		};
		71D1E22526AC7FC200FD5F4C = {
			isa = PBXGroup;
			children = (
				71D1E23026AC7FC200FD5F4C /* Mooncascade */,
				71D1E24626AC7FC500FD5F4C /* MooncascadeTests */,
				71D1E25026AC7FC500FD5F4C /* MooncascadeUITests */,
				71D1E22F26AC7FC200FD5F4C /* Products */,
			);
			sourceTree = "<group>";
		};
		71D1E22F26AC7FC200FD5F4C /* Products */ = {
			isa = PBXGroup;
			children = (
				71D1E22E26AC7FC200FD5F4C /* Mooncascade.app */,
				71D1E24326AC7FC500FD5F4C /* MooncascadeTests.xctest */,
				71D1E24D26AC7FC500FD5F4C /* MooncascadeUITests.xctest */,
			);
			name = Products;
			sourceTree = "<group>";
		};
		71D1E23026AC7FC200FD5F4C /* Mooncascade */ = {
			isa = PBXGroup;
			children = (
				71AD92D426AD9FCF00ECF970 /* Info.plist */,
				71AD92CF26AD9BAE00ECF970 /* Services */,
				71D1E26726AC86EA00FD5F4C /* View */,
				71D1E23526AC7FC500FD5F4C /* Assets.xcassets */,
				71D1E23C26AC7FC500FD5F4C /* Mooncascade.xcdatamodeld */,
				71D1E23726AC7FC500FD5F4C /* Preview Content */,
				71D1E26026AC83ED00FD5F4C /* EmployeeModel.swift */,
				71D1E26526AC855000FD5F4C /* EmployeeError.swift */,
				71AD92CB26AD96E700ECF970 /* Employee+Name.swift */,
				71AD92CD26AD974700ECF970 /* Formatters.swift */,
			);
			path = Mooncascade;
			sourceTree = "<group>";
		};
		71D1E23726AC7FC500FD5F4C /* Preview Content */ = {
			isa = PBXGroup;
			children = (
				71D1E23826AC7FC500FD5F4C /* Preview Assets.xcassets */,
			);
			path = "Preview Content";
			sourceTree = "<group>";
		};
		71D1E24626AC7FC500FD5F4C /* MooncascadeTests */ = {
			isa = PBXGroup;
			children = (
				71D1E24726AC7FC500FD5F4C /* MooncascadeTests.swift */,
			);
			path = MooncascadeTests;
			sourceTree = "<group>";
		};
		71D1E25026AC7FC500FD5F4C /* MooncascadeUITests */ = {
			isa = PBXGroup;
			children = (
				71D1E25126AC7FC500FD5F4C /* MooncascadeUITests.swift */,
			);
			path = MooncascadeUITests;
			sourceTree = "<group>";
		};
		71D1E26726AC86EA00FD5F4C /* View */ = {
			isa = PBXGroup;
			children = (
				71D1E23126AC7FC200FD5F4C /* MooncascadeApp.swift */,
				71D1E23326AC7FC200FD5F4C /* ContentView.swift */,
				71D1E25E26AC821200FD5F4C /* EmployeeListView.swift */,
				71AD92C926AD965300ECF970 /* EmployeeView.swift */,
				71AD92D226AD9E1F00ECF970 /* ContactsView.swift */,
			);
			path = View;
			sourceTree = "<group>";
		};
/* End PBXGroup section */

/* Begin PBXNativeTarget section */
		71D1E22D26AC7FC200FD5F4C /* Mooncascade */ = {
			isa = PBXNativeTarget;
			buildConfigurationList = 71D1E25526AC7FC500FD5F4C /* Build configuration list for PBXNativeTarget "Mooncascade" */;
			buildPhases = (
				71D1E22A26AC7FC200FD5F4C /* Sources */,
				71D1E22B26AC7FC200FD5F4C /* Frameworks */,
				71D1E22C26AC7FC200FD5F4C /* Resources */,
			);
			buildRules = (
			);
			dependencies = (
			);
			name = Mooncascade;
			productName = Mooncascade;
			productReference = 71D1E22E26AC7FC200FD5F4C /* Mooncascade.app */;
			productType = "com.apple.product-type.application";
		};
		71D1E24226AC7FC500FD5F4C /* MooncascadeTests */ = {
			isa = PBXNativeTarget;
			buildConfigurationList = 71D1E25826AC7FC500FD5F4C /* Build configuration list for PBXNativeTarget "MooncascadeTests" */;
			buildPhases = (
				71D1E23F26AC7FC500FD5F4C /* Sources */,
				71D1E24026AC7FC500FD5F4C /* Frameworks */,
				71D1E24126AC7FC500FD5F4C /* Resources */,
			);
			buildRules = (
			);
			dependencies = (
				71D1E24526AC7FC500FD5F4C /* PBXTargetDependency */,
			);
			name = MooncascadeTests;
			productName = MooncascadeTests;
			productReference = 71D1E24326AC7FC500FD5F4C /* MooncascadeTests.xctest */;
			productType = "com.apple.product-type.bundle.unit-test";
		};
		71D1E24C26AC7FC500FD5F4C /* MooncascadeUITests */ = {
			isa = PBXNativeTarget;
			buildConfigurationList = 71D1E25B26AC7FC500FD5F4C /* Build configuration list for PBXNativeTarget "MooncascadeUITests" */;
			buildPhases = (
				71D1E24926AC7FC500FD5F4C /* Sources */,
				71D1E24A26AC7FC500FD5F4C /* Frameworks */,
				71D1E24B26AC7FC500FD5F4C /* Resources */,
			);
			buildRules = (
			);
			dependencies = (
				71D1E24F26AC7FC500FD5F4C /* PBXTargetDependency */,
			);
			name = MooncascadeUITests;
			productName = MooncascadeUITests;
			productReference = 71D1E24D26AC7FC500FD5F4C /* MooncascadeUITests.xctest */;
			productType = "com.apple.product-type.bundle.ui-testing";
		};
/* End PBXNativeTarget section */

/* Begin PBXProject section */
		71D1E22626AC7FC200FD5F4C /* Project object */ = {
			isa = PBXProject;
			attributes = {
				BuildIndependentTargetsInParallel = 1;
				LastSwiftUpdateCheck = 1300;
				LastUpgradeCheck = 1300;
				TargetAttributes = {
					71D1E22D26AC7FC200FD5F4C = {
						CreatedOnToolsVersion = 13.0;
					};
					71D1E24226AC7FC500FD5F4C = {
						CreatedOnToolsVersion = 13.0;
						TestTargetID = 71D1E22D26AC7FC200FD5F4C;
					};
					71D1E24C26AC7FC500FD5F4C = {
						CreatedOnToolsVersion = 13.0;
						TestTargetID = 71D1E22D26AC7FC200FD5F4C;
					};
				};
			};
			buildConfigurationList = 71D1E22926AC7FC200FD5F4C /* Build configuration list for PBXProject "Mooncascade" */;
			compatibilityVersion = "Xcode 13.0";
			developmentRegion = en;
			hasScannedForEncodings = 0;
			knownRegions = (
				en,
				Base,
			);
			mainGroup = 71D1E22526AC7FC200FD5F4C;
			productRefGroup = 71D1E22F26AC7FC200FD5F4C /* Products */;
			projectDirPath = "";
			projectRoot = "";
			targets = (
				71D1E22D26AC7FC200FD5F4C /* Mooncascade */,
				71D1E24226AC7FC500FD5F4C /* MooncascadeTests */,
				71D1E24C26AC7FC500FD5F4C /* MooncascadeUITests */,
			);
		};
/* End PBXProject section */

/* Begin PBXResourcesBuildPhase section */
		71D1E22C26AC7FC200FD5F4C /* Resources */ = {
			isa = PBXResourcesBuildPhase;
			buildActionMask = 2147483647;
			files = (
				71D1E23926AC7FC500FD5F4C /* Preview Assets.xcassets in Resources */,
				71D1E23626AC7FC500FD5F4C /* Assets.xcassets in Resources */,
			);
			runOnlyForDeploymentPostprocessing = 0;
		};
		71D1E24126AC7FC500FD5F4C /* Resources */ = {
			isa = PBXResourcesBuildPhase;
			buildActionMask = 2147483647;
			files = (
			);
			runOnlyForDeploymentPostprocessing = 0;
		};
		71D1E24B26AC7FC500FD5F4C /* Resources */ = {
			isa = PBXResourcesBuildPhase;
			buildActionMask = 2147483647;
			files = (
			);
			runOnlyForDeploymentPostprocessing = 0;
		};
/* End PBXResourcesBuildPhase section */

/* Begin PBXSourcesBuildPhase section */
		71D1E22A26AC7FC200FD5F4C /* Sources */ = {
			isa = PBXSourcesBuildPhase;
			buildActionMask = 2147483647;
			files = (
				71D1E26626AC855000FD5F4C /* EmployeeError.swift in Sources */,
				71D1E23B26AC7FC500FD5F4C /* PersistenceController.swift in Sources */,
				71AD92CE26AD974700ECF970 /* Formatters.swift in Sources */,
				71D1E25F26AC821200FD5F4C /* EmployeeListView.swift in Sources */,
				71D1E23E26AC7FC500FD5F4C /* Mooncascade.xcdatamodeld in Sources */,
				71AD92CA26AD965300ECF970 /* EmployeeView.swift in Sources */,
				71D1E26126AC83ED00FD5F4C /* EmployeeModel.swift in Sources */,
				71D1E23426AC7FC200FD5F4C /* ContentView.swift in Sources */,
				71D1E26326AC849400FD5F4C /* EmployeeStore.swift in Sources */,
				71AD92CC26AD96E700ECF970 /* Employee+Name.swift in Sources */,
				71AD92D326AD9E1F00ECF970 /* ContactsView.swift in Sources */,
				71AD92D126AD9BC500ECF970 /* ContactStore.swift in Sources */,
				71D1E23226AC7FC200FD5F4C /* MooncascadeApp.swift in Sources */,
			);
			runOnlyForDeploymentPostprocessing = 0;
		};
		71D1E23F26AC7FC500FD5F4C /* Sources */ = {
			isa = PBXSourcesBuildPhase;
			buildActionMask = 2147483647;
			files = (
				71D1E24826AC7FC500FD5F4C /* MooncascadeTests.swift in Sources */,
			);
			runOnlyForDeploymentPostprocessing = 0;
		};
		71D1E24926AC7FC500FD5F4C /* Sources */ = {
			isa = PBXSourcesBuildPhase;
			buildActionMask = 2147483647;
			files = (
				71D1E25226AC7FC500FD5F4C /* MooncascadeUITests.swift in Sources */,
			);
			runOnlyForDeploymentPostprocessing = 0;
		};
/* End PBXSourcesBuildPhase section */

/* Begin PBXTargetDependency section */
		71D1E24526AC7FC500FD5F4C /* PBXTargetDependency */ = {
			isa = PBXTargetDependency;
			target = 71D1E22D26AC7FC200FD5F4C /* Mooncascade */;
			targetProxy = 71D1E24426AC7FC500FD5F4C /* PBXContainerItemProxy */;
		};
		71D1E24F26AC7FC500FD5F4C /* PBXTargetDependency */ = {
			isa = PBXTargetDependency;
			target = 71D1E22D26AC7FC200FD5F4C /* Mooncascade */;
			targetProxy = 71D1E24E26AC7FC500FD5F4C /* PBXContainerItemProxy */;
		};
/* End PBXTargetDependency section */

/* Begin XCBuildConfiguration section */
		71D1E25326AC7FC500FD5F4C /* Debug */ = {
			isa = XCBuildConfiguration;
			buildSettings = {
				ALWAYS_SEARCH_USER_PATHS = NO;
				CLANG_ANALYZER_NONNULL = YES;
				CLANG_ANALYZER_NUMBER_OBJECT_CONVERSION = YES_AGGRESSIVE;
				CLANG_CXX_LANGUAGE_STANDARD = "gnu++17";
				CLANG_CXX_LIBRARY = "libc++";
				CLANG_ENABLE_MODULES = YES;
				CLANG_ENABLE_OBJC_ARC = YES;
				CLANG_ENABLE_OBJC_WEAK = YES;
				CLANG_WARN_BLOCK_CAPTURE_AUTORELEASING = YES;
				CLANG_WARN_BOOL_CONVERSION = YES;
				CLANG_WARN_COMMA = YES;
				CLANG_WARN_CONSTANT_CONVERSION = YES;
				CLANG_WARN_DEPRECATED_OBJC_IMPLEMENTATIONS = YES;
				CLANG_WARN_DIRECT_OBJC_ISA_USAGE = YES_ERROR;
				CLANG_WARN_DOCUMENTATION_COMMENTS = YES;
				CLANG_WARN_EMPTY_BODY = YES;
				CLANG_WARN_ENUM_CONVERSION = YES;
				CLANG_WARN_INFINITE_RECURSION = YES;
				CLANG_WARN_INT_CONVERSION = YES;
				CLANG_WARN_NON_LITERAL_NULL_CONVERSION = YES;
				CLANG_WARN_OBJC_IMPLICIT_RETAIN_SELF = YES;
				CLANG_WARN_OBJC_LITERAL_CONVERSION = YES;
				CLANG_WARN_OBJC_ROOT_CLASS = YES_ERROR;
				CLANG_WARN_QUOTED_INCLUDE_IN_FRAMEWORK_HEADER = YES;
				CLANG_WARN_RANGE_LOOP_ANALYSIS = YES;
				CLANG_WARN_STRICT_PROTOTYPES = YES;
				CLANG_WARN_SUSPICIOUS_MOVE = YES;
				CLANG_WARN_UNGUARDED_AVAILABILITY = YES_AGGRESSIVE;
				CLANG_WARN_UNREACHABLE_CODE = YES;
				CLANG_WARN__DUPLICATE_METHOD_MATCH = YES;
				COPY_PHASE_STRIP = NO;
				DEBUG_INFORMATION_FORMAT = dwarf;
				ENABLE_STRICT_OBJC_MSGSEND = YES;
				ENABLE_TESTABILITY = YES;
				GCC_C_LANGUAGE_STANDARD = gnu11;
				GCC_DYNAMIC_NO_PIC = NO;
				GCC_NO_COMMON_BLOCKS = YES;
				GCC_OPTIMIZATION_LEVEL = 0;
				GCC_PREPROCESSOR_DEFINITIONS = (
					"DEBUG=1",
					"$(inherited)",
				);
				GCC_WARN_64_TO_32_BIT_CONVERSION = YES;
				GCC_WARN_ABOUT_RETURN_TYPE = YES_ERROR;
				GCC_WARN_UNDECLARED_SELECTOR = YES;
				GCC_WARN_UNINITIALIZED_AUTOS = YES_AGGRESSIVE;
				GCC_WARN_UNUSED_FUNCTION = YES;
				GCC_WARN_UNUSED_VARIABLE = YES;
				IPHONEOS_DEPLOYMENT_TARGET = 15.0;
				MTL_ENABLE_DEBUG_INFO = INCLUDE_SOURCE;
				MTL_FAST_MATH = YES;
				ONLY_ACTIVE_ARCH = YES;
				SDKROOT = iphoneos;
				SWIFT_ACTIVE_COMPILATION_CONDITIONS = DEBUG;
				SWIFT_OPTIMIZATION_LEVEL = "-Onone";
			};
			name = Debug;
		};
		71D1E25426AC7FC500FD5F4C /* Release */ = {
			isa = XCBuildConfiguration;
			buildSettings = {
				ALWAYS_SEARCH_USER_PATHS = NO;
				CLANG_ANALYZER_NONNULL = YES;
				CLANG_ANALYZER_NUMBER_OBJECT_CONVERSION = YES_AGGRESSIVE;
				CLANG_CXX_LANGUAGE_STANDARD = "gnu++17";
				CLANG_CXX_LIBRARY = "libc++";
				CLANG_ENABLE_MODULES = YES;
				CLANG_ENABLE_OBJC_ARC = YES;
				CLANG_ENABLE_OBJC_WEAK = YES;
				CLANG_WARN_BLOCK_CAPTURE_AUTORELEASING = YES;
				CLANG_WARN_BOOL_CONVERSION = YES;
				CLANG_WARN_COMMA = YES;
				CLANG_WARN_CONSTANT_CONVERSION = YES;
				CLANG_WARN_DEPRECATED_OBJC_IMPLEMENTATIONS = YES;
				CLANG_WARN_DIRECT_OBJC_ISA_USAGE = YES_ERROR;
				CLANG_WARN_DOCUMENTATION_COMMENTS = YES;
				CLANG_WARN_EMPTY_BODY = YES;
				CLANG_WARN_ENUM_CONVERSION = YES;
				CLANG_WARN_INFINITE_RECURSION = YES;
				CLANG_WARN_INT_CONVERSION = YES;
				CLANG_WARN_NON_LITERAL_NULL_CONVERSION = YES;
				CLANG_WARN_OBJC_IMPLICIT_RETAIN_SELF = YES;
				CLANG_WARN_OBJC_LITERAL_CONVERSION = YES;
				CLANG_WARN_OBJC_ROOT_CLASS = YES_ERROR;
				CLANG_WARN_QUOTED_INCLUDE_IN_FRAMEWORK_HEADER = YES;
				CLANG_WARN_RANGE_LOOP_ANALYSIS = YES;
				CLANG_WARN_STRICT_PROTOTYPES = YES;
				CLANG_WARN_SUSPICIOUS_MOVE = YES;
				CLANG_WARN_UNGUARDED_AVAILABILITY = YES_AGGRESSIVE;
				CLANG_WARN_UNREACHABLE_CODE = YES;
				CLANG_WARN__DUPLICATE_METHOD_MATCH = YES;
				COPY_PHASE_STRIP = NO;
				DEBUG_INFORMATION_FORMAT = "dwarf-with-dsym";
				ENABLE_NS_ASSERTIONS = NO;
				ENABLE_STRICT_OBJC_MSGSEND = YES;
				GCC_C_LANGUAGE_STANDARD = gnu11;
				GCC_NO_COMMON_BLOCKS = YES;
				GCC_WARN_64_TO_32_BIT_CONVERSION = YES;
				GCC_WARN_ABOUT_RETURN_TYPE = YES_ERROR;
				GCC_WARN_UNDECLARED_SELECTOR = YES;
				GCC_WARN_UNINITIALIZED_AUTOS = YES_AGGRESSIVE;
				GCC_WARN_UNUSED_FUNCTION = YES;
				GCC_WARN_UNUSED_VARIABLE = YES;
				IPHONEOS_DEPLOYMENT_TARGET = 15.0;
				MTL_ENABLE_DEBUG_INFO = NO;
				MTL_FAST_MATH = YES;
				SDKROOT = iphoneos;
				SWIFT_COMPILATION_MODE = wholemodule;
				SWIFT_OPTIMIZATION_LEVEL = "-O";
				VALIDATE_PRODUCT = YES;
			};
			name = Release;
		};
		71D1E25626AC7FC500FD5F4C /* Debug */ = {
			isa = XCBuildConfiguration;
			buildSettings = {
				ASSETCATALOG_COMPILER_APPICON_NAME = AppIcon;
				ASSETCATALOG_COMPILER_GLOBAL_ACCENT_COLOR_NAME = AccentColor;
				CODE_SIGN_STYLE = Automatic;
				CURRENT_PROJECT_VERSION = 1;
				DEVELOPMENT_ASSET_PATHS = "\"Mooncascade/Preview Content\"";
				DEVELOPMENT_TEAM = 98A95ZRNVF;
				ENABLE_PREVIEWS = YES;
				GENERATE_INFOPLIST_FILE = YES;
				INFOPLIST_FILE = Mooncascade/Info.plist;
				INFOPLIST_KEY_UIApplicationSceneManifest_Generation = YES;
				INFOPLIST_KEY_UIApplicationSupportsIndirectInputEvents = YES;
				INFOPLIST_KEY_UILaunchScreen_Generation = YES;
				INFOPLIST_KEY_UISupportedInterfaceOrientations = "UIInterfaceOrientationPortrait UIInterfaceOrientationPortraitUpsideDown UIInterfaceOrientationLandscapeLeft UIInterfaceOrientationLandscapeRight";
				INFOPLIST_KEY_UISupportedInterfaceOrientations_iPad = "UIInterfaceOrientationPortrait UIInterfaceOrientationPortraitUpsideDown UIInterfaceOrientationLandscapeLeft UIInterfaceOrientationLandscapeRight";
				INFOPLIST_KEY_UISupportedInterfaceOrientations_iPhone = "UIInterfaceOrientationPortrait UIInterfaceOrientationLandscapeLeft UIInterfaceOrientationLandscapeRight";
				IPHONEOS_DEPLOYMENT_TARGET = 15.0;
				LD_RUNPATH_SEARCH_PATHS = (
					"$(inherited)",
					"@executable_path/Frameworks",
				);
				MARKETING_VERSION = 1.0;
				PRODUCT_BUNDLE_IDENTIFIER = mooncascade.com.Mooncascade;
				PRODUCT_NAME = "$(TARGET_NAME)";
				SWIFT_EMIT_LOC_STRINGS = YES;
				SWIFT_VERSION = 5.0;
				TARGETED_DEVICE_FAMILY = 1;
			};
			name = Debug;
		};
		71D1E25726AC7FC500FD5F4C /* Release */ = {
			isa = XCBuildConfiguration;
			buildSettings = {
				ASSETCATALOG_COMPILER_APPICON_NAME = AppIcon;
				ASSETCATALOG_COMPILER_GLOBAL_ACCENT_COLOR_NAME = AccentColor;
				CODE_SIGN_STYLE = Automatic;
				CURRENT_PROJECT_VERSION = 1;
				DEVELOPMENT_ASSET_PATHS = "\"Mooncascade/Preview Content\"";
				DEVELOPMENT_TEAM = 98A95ZRNVF;
				ENABLE_PREVIEWS = YES;
				GENERATE_INFOPLIST_FILE = YES;
				INFOPLIST_FILE = Mooncascade/Info.plist;
				INFOPLIST_KEY_UIApplicationSceneManifest_Generation = YES;
				INFOPLIST_KEY_UIApplicationSupportsIndirectInputEvents = YES;
				INFOPLIST_KEY_UILaunchScreen_Generation = YES;
				INFOPLIST_KEY_UISupportedInterfaceOrientations = "UIInterfaceOrientationPortrait UIInterfaceOrientationPortraitUpsideDown UIInterfaceOrientationLandscapeLeft UIInterfaceOrientationLandscapeRight";
				INFOPLIST_KEY_UISupportedInterfaceOrientations_iPad = "UIInterfaceOrientationPortrait UIInterfaceOrientationPortraitUpsideDown UIInterfaceOrientationLandscapeLeft UIInterfaceOrientationLandscapeRight";
				INFOPLIST_KEY_UISupportedInterfaceOrientations_iPhone = "UIInterfaceOrientationPortrait UIInterfaceOrientationLandscapeLeft UIInterfaceOrientationLandscapeRight";
				IPHONEOS_DEPLOYMENT_TARGET = 15.0;
				LD_RUNPATH_SEARCH_PATHS = (
					"$(inherited)",
					"@executable_path/Frameworks",
				);
				MARKETING_VERSION = 1.0;
				PRODUCT_BUNDLE_IDENTIFIER = mooncascade.com.Mooncascade;
				PRODUCT_NAME = "$(TARGET_NAME)";
				SWIFT_EMIT_LOC_STRINGS = YES;
				SWIFT_VERSION = 5.0;
				TARGETED_DEVICE_FAMILY = 1;
			};
			name = Release;
		};
		71D1E25926AC7FC500FD5F4C /* Debug */ = {
			isa = XCBuildConfiguration;
			buildSettings = {
				ALWAYS_EMBED_SWIFT_STANDARD_LIBRARIES = YES;
				BUNDLE_LOADER = "$(TEST_HOST)";
				CODE_SIGN_STYLE = Automatic;
				CURRENT_PROJECT_VERSION = 1;
				DEVELOPMENT_TEAM = 98A95ZRNVF;
				GENERATE_INFOPLIST_FILE = YES;
				IPHONEOS_DEPLOYMENT_TARGET = 15.0;
				LD_RUNPATH_SEARCH_PATHS = (
					"$(inherited)",
					"@executable_path/Frameworks",
					"@loader_path/Frameworks",
				);
				MARKETING_VERSION = 1.0;
				PRODUCT_BUNDLE_IDENTIFIER = mooncascade.com.MooncascadeTests;
				PRODUCT_NAME = "$(TARGET_NAME)";
				SWIFT_EMIT_LOC_STRINGS = NO;
				SWIFT_VERSION = 5.0;
				TARGETED_DEVICE_FAMILY = "1,2";
				TEST_HOST = "$(BUILT_PRODUCTS_DIR)/Mooncascade.app/Mooncascade";
			};
			name = Debug;
		};
		71D1E25A26AC7FC500FD5F4C /* Release */ = {
			isa = XCBuildConfiguration;
			buildSettings = {
				ALWAYS_EMBED_SWIFT_STANDARD_LIBRARIES = YES;
				BUNDLE_LOADER = "$(TEST_HOST)";
				CODE_SIGN_STYLE = Automatic;
				CURRENT_PROJECT_VERSION = 1;
				DEVELOPMENT_TEAM = 98A95ZRNVF;
				GENERATE_INFOPLIST_FILE = YES;
				IPHONEOS_DEPLOYMENT_TARGET = 15.0;
				LD_RUNPATH_SEARCH_PATHS = (
					"$(inherited)",
					"@executable_path/Frameworks",
					"@loader_path/Frameworks",
				);
				MARKETING_VERSION = 1.0;
				PRODUCT_BUNDLE_IDENTIFIER = mooncascade.com.MooncascadeTests;
				PRODUCT_NAME = "$(TARGET_NAME)";
				SWIFT_EMIT_LOC_STRINGS = NO;
				SWIFT_VERSION = 5.0;
				TARGETED_DEVICE_FAMILY = "1,2";
				TEST_HOST = "$(BUILT_PRODUCTS_DIR)/Mooncascade.app/Mooncascade";
			};
			name = Release;
		};
		71D1E25C26AC7FC500FD5F4C /* Debug */ = {
			isa = XCBuildConfiguration;
			buildSettings = {
				ALWAYS_EMBED_SWIFT_STANDARD_LIBRARIES = YES;
				CODE_SIGN_STYLE = Automatic;
				CURRENT_PROJECT_VERSION = 1;
				DEVELOPMENT_TEAM = 98A95ZRNVF;
				GENERATE_INFOPLIST_FILE = YES;
				LD_RUNPATH_SEARCH_PATHS = (
					"$(inherited)",
					"@executable_path/Frameworks",
					"@loader_path/Frameworks",
				);
				MARKETING_VERSION = 1.0;
				PRODUCT_BUNDLE_IDENTIFIER = mooncascade.com.MooncascadeUITests;
				PRODUCT_NAME = "$(TARGET_NAME)";
				SWIFT_EMIT_LOC_STRINGS = NO;
				SWIFT_VERSION = 5.0;
				TARGETED_DEVICE_FAMILY = "1,2";
				TEST_TARGET_NAME = Mooncascade;
			};
			name = Debug;
		};
		71D1E25D26AC7FC500FD5F4C /* Release */ = {
			isa = XCBuildConfiguration;
			buildSettings = {
				ALWAYS_EMBED_SWIFT_STANDARD_LIBRARIES = YES;
				CODE_SIGN_STYLE = Automatic;
				CURRENT_PROJECT_VERSION = 1;
				DEVELOPMENT_TEAM = 98A95ZRNVF;
				GENERATE_INFOPLIST_FILE = YES;
				LD_RUNPATH_SEARCH_PATHS = (
					"$(inherited)",
					"@executable_path/Frameworks",
					"@loader_path/Frameworks",
				);
				MARKETING_VERSION = 1.0;
				PRODUCT_BUNDLE_IDENTIFIER = mooncascade.com.MooncascadeUITests;
				PRODUCT_NAME = "$(TARGET_NAME)";
				SWIFT_EMIT_LOC_STRINGS = NO;
				SWIFT_VERSION = 5.0;
				TARGETED_DEVICE_FAMILY = "1,2";
				TEST_TARGET_NAME = Mooncascade;
			};
			name = Release;
		};
/* End XCBuildConfiguration section */

/* Begin XCConfigurationList section */
		71D1E22926AC7FC200FD5F4C /* Build configuration list for PBXProject "Mooncascade" */ = {
			isa = XCConfigurationList;
			buildConfigurations = (
				71D1E25326AC7FC500FD5F4C /* Debug */,
				71D1E25426AC7FC500FD5F4C /* Release */,
			);
			defaultConfigurationIsVisible = 0;
			defaultConfigurationName = Release;
		};
		71D1E25526AC7FC500FD5F4C /* Build configuration list for PBXNativeTarget "Mooncascade" */ = {
			isa = XCConfigurationList;
			buildConfigurations = (
				71D1E25626AC7FC500FD5F4C /* Debug */,
				71D1E25726AC7FC500FD5F4C /* Release */,
			);
			defaultConfigurationIsVisible = 0;
			defaultConfigurationName = Release;
		};
		71D1E25826AC7FC500FD5F4C /* Build configuration list for PBXNativeTarget "MooncascadeTests" */ = {
			isa = XCConfigurationList;
			buildConfigurations = (
				71D1E25926AC7FC500FD5F4C /* Debug */,
				71D1E25A26AC7FC500FD5F4C /* Release */,
			);
			defaultConfigurationIsVisible = 0;
			defaultConfigurationName = Release;
		};
		71D1E25B26AC7FC500FD5F4C /* Build configuration list for PBXNativeTarget "MooncascadeUITests" */ = {
			isa = XCConfigurationList;
			buildConfigurations = (
				71D1E25C26AC7FC500FD5F4C /* Debug */,
				71D1E25D26AC7FC500FD5F4C /* Release */,
			);
			defaultConfigurationIsVisible = 0;
			defaultConfigurationName = Release;
		};
/* End XCConfigurationList section */

/* Begin XCVersionGroup section */
		71D1E23C26AC7FC500FD5F4C /* Mooncascade.xcdatamodeld */ = {
			isa = XCVersionGroup;
			children = (
				71D1E23D26AC7FC500FD5F4C /* Mooncascade.xcdatamodel */,
			);
			currentVersion = 71D1E23D26AC7FC500FD5F4C /* Mooncascade.xcdatamodel */;
			path = Mooncascade.xcdatamodeld;
			sourceTree = "<group>";
			versionGroupType = wrapper.xcdatamodel;
		};
/* End XCVersionGroup section */
	};
	rootObject = 71D1E22626AC7FC200FD5F4C /* Project object */;
}
